
Microsoft Visual Studio Solution File, Format Version 12.00
# Visual Studio Version 17
VisualStudioVersion = 17.0.31903.59
MinimumVisualStudioVersion = 10.0.40219.1
Project("{FAE04EC0-301F-11D3-BF4B-00C04F79EFBC}") = "Rotas.Api", "Rotas.Api\Rotas.Api.csproj", "{6F8DB5DF-3F4E-4FD4-808D-235D7C719D60}"
EndProject
Project("{FAE04EC0-301F-11D3-BF4B-00C04F79EFBC}") = "Rotas.Domain", "Rotas.Domain\Rotas.Domain.csproj", "{109DC2C0-6D49-4A01-AC6C-4E051D3D9890}"
EndProject
Project("{FAE04EC0-301F-11D3-BF4B-00C04F79EFBC}") = "Rotas.Application", "Rotas.Application\Rotas.Application.csproj", "{C72F7C77-EE14-44E7-81EE-A2888BE3462A}"
EndProject
Project("{FAE04EC0-301F-11D3-BF4B-00C04F79EFBC}") = "Rotas.DataAccess.EF", "Rotas.DataAccess.EF\Rotas.DataAccess.EF.csproj", "{66EDFE31-5A7D-42A0-9942-B3A9D266EDC7}"
EndProject
Global
	GlobalSection(SolutionConfigurationPlatforms) = preSolution
		Debug|Any CPU = Debug|Any CPU
		Debug|x64 = Debug|x64
		Debug|x86 = Debug|x86
		Release|Any CPU = Release|Any CPU
		Release|x64 = Release|x64
		Release|x86 = Release|x86
	EndGlobalSection
	GlobalSection(ProjectConfigurationPlatforms) = postSolution
		{6F8DB5DF-3F4E-4FD4-808D-235D7C719D60}.Debug|Any CPU.ActiveCfg = Debug|Any CPU
		{6F8DB5DF-3F4E-4FD4-808D-235D7C719D60}.Debug|Any CPU.Build.0 = Debug|Any CPU
		{6F8DB5DF-3F4E-4FD4-808D-235D7C719D60}.Debug|x64.ActiveCfg = Debug|Any CPU
		{6F8DB5DF-3F4E-4FD4-808D-235D7C719D60}.Debug|x64.Build.0 = Debug|Any CPU
		{6F8DB5DF-3F4E-4FD4-808D-235D7C719D60}.Debug|x86.ActiveCfg = Debug|Any CPU
		{6F8DB5DF-3F4E-4FD4-808D-235D7C719D60}.Debug|x86.Build.0 = Debug|Any CPU
		{6F8DB5DF-3F4E-4FD4-808D-235D7C719D60}.Release|Any CPU.ActiveCfg = Release|Any CPU
		{6F8DB5DF-3F4E-4FD4-808D-235D7C719D60}.Release|Any CPU.Build.0 = Release|Any CPU
		{6F8DB5DF-3F4E-4FD4-808D-235D7C719D60}.Release|x64.ActiveCfg = Release|Any CPU
		{6F8DB5DF-3F4E-4FD4-808D-235D7C719D60}.Release|x64.Build.0 = Release|Any CPU
		{6F8DB5DF-3F4E-4FD4-808D-235D7C719D60}.Release|x86.ActiveCfg = Release|Any CPU
		{6F8DB5DF-3F4E-4FD4-808D-235D7C719D60}.Release|x86.Build.0 = Release|Any CPU
		{109DC2C0-6D49-4A01-AC6C-4E051D3D9890}.Debug|Any CPU.ActiveCfg = Debug|Any CPU
		{109DC2C0-6D49-4A01-AC6C-4E051D3D9890}.Debug|Any CPU.Build.0 = Debug|Any CPU
		{109DC2C0-6D49-4A01-AC6C-4E051D3D9890}.Debug|x64.ActiveCfg = Debug|Any CPU
		{109DC2C0-6D49-4A01-AC6C-4E051D3D9890}.Debug|x64.Build.0 = Debug|Any CPU
		{109DC2C0-6D49-4A01-AC6C-4E051D3D9890}.Debug|x86.ActiveCfg = Debug|Any CPU
		{109DC2C0-6D49-4A01-AC6C-4E051D3D9890}.Debug|x86.Build.0 = Debug|Any CPU
		{109DC2C0-6D49-4A01-AC6C-4E051D3D9890}.Release|Any CPU.ActiveCfg = Release|Any CPU
		{109DC2C0-6D49-4A01-AC6C-4E051D3D9890}.Release|Any CPU.Build.0 = Release|Any CPU
		{109DC2C0-6D49-4A01-AC6C-4E051D3D9890}.Release|x64.ActiveCfg = Release|Any CPU
		{109DC2C0-6D49-4A01-AC6C-4E051D3D9890}.Release|x64.Build.0 = Release|Any CPU
		{109DC2C0-6D49-4A01-AC6C-4E051D3D9890}.Release|x86.ActiveCfg = Release|Any CPU
		{109DC2C0-6D49-4A01-AC6C-4E051D3D9890}.Release|x86.Build.0 = Release|Any CPU
		{C72F7C77-EE14-44E7-81EE-A2888BE3462A}.Debug|Any CPU.ActiveCfg = Debug|Any CPU
		{C72F7C77-EE14-44E7-81EE-A2888BE3462A}.Debug|Any CPU.Build.0 = Debug|Any CPU
		{C72F7C77-EE14-44E7-81EE-A2888BE3462A}.Debug|x64.ActiveCfg = Debug|Any CPU
		{C72F7C77-EE14-44E7-81EE-A2888BE3462A}.Debug|x64.Build.0 = Debug|Any CPU
		{C72F7C77-EE14-44E7-81EE-A2888BE3462A}.Debug|x86.ActiveCfg = Debug|Any CPU
		{C72F7C77-EE14-44E7-81EE-A2888BE3462A}.Debug|x86.Build.0 = Debug|Any CPU
		{C72F7C77-EE14-44E7-81EE-A2888BE3462A}.Release|Any CPU.ActiveCfg = Release|Any CPU
		{C72F7C77-EE14-44E7-81EE-A2888BE3462A}.Release|Any CPU.Build.0 = Release|Any CPU
		{C72F7C77-EE14-44E7-81EE-A2888BE3462A}.Release|x64.ActiveCfg = Release|Any CPU
		{C72F7C77-EE14-44E7-81EE-A2888BE3462A}.Release|x64.Build.0 = Release|Any CPU
		{C72F7C77-EE14-44E7-81EE-A2888BE3462A}.Release|x86.ActiveCfg = Release|Any CPU
		{C72F7C77-EE14-44E7-81EE-A2888BE3462A}.Release|x86.Build.0 = Release|Any CPU
		{268BA2E9-78C0-459D-A725-EE95D358F1E7}.Debug|Any CPU.ActiveCfg = Debug|Any CPU
		{268BA2E9-78C0-459D-A725-EE95D358F1E7}.Debug|Any CPU.Build.0 = Debug|Any CPU
		{268BA2E9-78C0-459D-A725-EE95D358F1E7}.Debug|x64.ActiveCfg = Debug|Any CPU
		{268BA2E9-78C0-459D-A725-EE95D358F1E7}.Debug|x64.Build.0 = Debug|Any CPU
		{268BA2E9-78C0-459D-A725-EE95D358F1E7}.Debug|x86.ActiveCfg = Debug|Any CPU
		{268BA2E9-78C0-459D-A725-EE95D358F1E7}.Debug|x86.Build.0 = Debug|Any CPU
		{268BA2E9-78C0-459D-A725-EE95D358F1E7}.Release|Any CPU.ActiveCfg = Release|Any CPU
		{268BA2E9-78C0-459D-A725-EE95D358F1E7}.Release|Any CPU.Build.0 = Release|Any CPU
		{268BA2E9-78C0-459D-A725-EE95D358F1E7}.Release|x64.ActiveCfg = Release|Any CPU
		{268BA2E9-78C0-459D-A725-EE95D358F1E7}.Release|x64.Build.0 = Release|Any CPU
		{268BA2E9-78C0-459D-A725-EE95D358F1E7}.Release|x86.ActiveCfg = Release|Any CPU
		{268BA2E9-78C0-459D-A725-EE95D358F1E7}.Release|x86.Build.0 = Release|Any CPU
		{4AD5EE2B-32E7-425F-9B38-CC5989691D4B}.Debug|Any CPU.ActiveCfg = Debug|Any CPU
		{4AD5EE2B-32E7-425F-9B38-CC5989691D4B}.Debug|Any CPU.Build.0 = Debug|Any CPU
		{4AD5EE2B-32E7-425F-9B38-CC5989691D4B}.Debug|x64.ActiveCfg = Debug|Any CPU
		{4AD5EE2B-32E7-425F-9B38-CC5989691D4B}.Debug|x64.Build.0 = Debug|Any CPU
		{4AD5EE2B-32E7-425F-9B38-CC5989691D4B}.Debug|x86.ActiveCfg = Debug|Any CPU
		{4AD5EE2B-32E7-425F-9B38-CC5989691D4B}.Debug|x86.Build.0 = Debug|Any CPU
		{4AD5EE2B-32E7-425F-9B38-CC5989691D4B}.Release|Any CPU.ActiveCfg = Release|Any CPU
		{4AD5EE2B-32E7-425F-9B38-CC5989691D4B}.Release|Any CPU.Build.0 = Release|Any CPU
		{4AD5EE2B-32E7-425F-9B38-CC5989691D4B}.Release|x64.ActiveCfg = Release|Any CPU
		{4AD5EE2B-32E7-425F-9B38-CC5989691D4B}.Release|x64.Build.0 = Release|Any CPU
		{4AD5EE2B-32E7-425F-9B38-CC5989691D4B}.Release|x86.ActiveCfg = Release|Any CPU
		{4AD5EE2B-32E7-425F-9B38-CC5989691D4B}.Release|x86.Build.0 = Release|Any CPU
		{66EDFE31-5A7D-42A0-9942-B3A9D266EDC7}.Debug|Any CPU.ActiveCfg = Debug|Any CPU
		{66EDFE31-5A7D-42A0-9942-B3A9D266EDC7}.Debug|Any CPU.Build.0 = Debug|Any CPU
		{66EDFE31-5A7D-42A0-9942-B3A9D266EDC7}.Debug|x64.ActiveCfg = Debug|Any CPU
		{66EDFE31-5A7D-42A0-9942-B3A9D266EDC7}.Debug|x64.Build.0 = Debug|Any CPU
		{66EDFE31-5A7D-42A0-9942-B3A9D266EDC7}.Debug|x86.ActiveCfg = Debug|Any CPU
		{66EDFE31-5A7D-42A0-9942-B3A9D266EDC7}.Debug|x86.Build.0 = Debug|Any CPU
		{66EDFE31-5A7D-42A0-9942-B3A9D266EDC7}.Release|Any CPU.ActiveCfg = Release|Any CPU
		{66EDFE31-5A7D-42A0-9942-B3A9D266EDC7}.Release|Any CPU.Build.0 = Release|Any CPU
		{66EDFE31-5A7D-42A0-9942-B3A9D266EDC7}.Release|x64.ActiveCfg = Release|Any CPU
		{66EDFE31-5A7D-42A0-9942-B3A9D266EDC7}.Release|x64.Build.0 = Release|Any CPU
		{66EDFE31-5A7D-42A0-9942-B3A9D266EDC7}.Release|x86.ActiveCfg = Release|Any CPU
		{66EDFE31-5A7D-42A0-9942-B3A9D266EDC7}.Release|x86.Build.0 = Release|Any CPU
	EndGlobalSection
	GlobalSection(SolutionProperties) = preSolution
		HideSolutionNode = FALSE
	EndGlobalSection
EndGlobal
